
Microsoft Visual Studio Solution File, Format Version 12.00
Project("{2150E333-8FDC-42A3-9474-1A3956D46DE8}") = "1.GettingStarted", "1.GettingStarted", "{DAFD6700-34DB-4E19-8ECA-FB3B2D5EA0E1}"
EndProject
Project("{2150E333-8FDC-42A3-9474-1A3956D46DE8}") = "Helpers", "Helpers", "{812E3414-A5B0-4900-98BF-F792433061FE}"
EndProject
Project("{FAE04EC0-301F-11D3-BF4B-00C04F79EFBC}") = "Movies.API", "Movies.API\Movies.API.csproj", "{DD26FDB4-66D5-499B-B310-0141FB978338}"
EndProject
Project("{FAE04EC0-301F-11D3-BF4B-00C04F79EFBC}") = "Movies.Application", "Movies.Application\Movies.Application.csproj", "{A41F68BC-3788-41BF-A76E-3A98660332DB}"
EndProject
Project("{FAE04EC0-301F-11D3-BF4B-00C04F79EFBC}") = "Movies.Contracts", "Movies.Contracts\Movies.Contracts.csproj", "{12251753-F1F1-4E46-9E6E-88E22877D4DE}"
EndProject
Global
	GlobalSection(SolutionConfigurationPlatforms) = preSolution
		Debug|Any CPU = Debug|Any CPU
		Release|Any CPU = Release|Any CPU
	EndGlobalSection
	GlobalSection(NestedProjects) = preSolution
		{DD26FDB4-66D5-499B-B310-0141FB978338} = {DAFD6700-34DB-4E19-8ECA-FB3B2D5EA0E1}
		{A41F68BC-3788-41BF-A76E-3A98660332DB} = {DAFD6700-34DB-4E19-8ECA-FB3B2D5EA0E1}
		{12251753-F1F1-4E46-9E6E-88E22877D4DE} = {DAFD6700-34DB-4E19-8ECA-FB3B2D5EA0E1}
	EndGlobalSection
	GlobalSection(ProjectConfigurationPlatforms) = postSolution
		{DD26FDB4-66D5-499B-B310-0141FB978338}.Debug|Any CPU.ActiveCfg = Debug|Any CPU
		{DD26FDB4-66D5-499B-B310-0141FB978338}.Debug|Any CPU.Build.0 = Debug|Any CPU
		{DD26FDB4-66D5-499B-B310-0141FB978338}.Release|Any CPU.ActiveCfg = Release|Any CPU
		{DD26FDB4-66D5-499B-B310-0141FB978338}.Release|Any CPU.Build.0 = Release|Any CPU
		{A41F68BC-3788-41BF-A76E-3A98660332DB}.Debug|Any CPU.ActiveCfg = Debug|Any CPU
		{A41F68BC-3788-41BF-A76E-3A98660332DB}.Debug|Any CPU.Build.0 = Debug|Any CPU
		{A41F68BC-3788-41BF-A76E-3A98660332DB}.Release|Any CPU.ActiveCfg = Release|Any CPU
		{A41F68BC-3788-41BF-A76E-3A98660332DB}.Release|Any CPU.Build.0 = Release|Any CPU
		{12251753-F1F1-4E46-9E6E-88E22877D4DE}.Debug|Any CPU.ActiveCfg = Debug|Any CPU
		{12251753-F1F1-4E46-9E6E-88E22877D4DE}.Debug|Any CPU.Build.0 = Debug|Any CPU
		{12251753-F1F1-4E46-9E6E-88E22877D4DE}.Release|Any CPU.ActiveCfg = Release|Any CPU
		{12251753-F1F1-4E46-9E6E-88E22877D4DE}.Release|Any CPU.Build.0 = Release|Any CPU
	EndGlobalSection
EndGlobal
